{
  "name": "bare-server-bun",
  "lockfileVersion": 2,
  "requires": true,
  "packages": {
    "": {
      "name": "bare-server-bun",
      "dependencies": {
        "bare-server-bun": "github:cohenerickson/bare-server-bun"
      },
      "devDependencies": {
        "bun-types": "^0.1.5",
        "typescript": "^4.7.4"
      }
    },
    "node_modules/bare-server-bun": {
      "resolved": "git+ssh://git@github.com/cohenerickson/bare-server-bun.git#9dbc226bc1137e03874aa017e294cce4ed7f2561"
    },
    "node_modules/bun-types": {
      "version": "0.1.5",
      "resolved": "https://registry.npmjs.org/bun-types/-/bun-types-0.1.5.tgz",
      "integrity": "sha512-DbOY0FFJ/MAuYEtYwuwT/CjW5d4ErUSRfqOvS6OOz8/K0TsPdOvrpn9ybLfTuVeGg44Hra+dx3TfnXcCIWn6XQ==",
      "dev": true
    },
    "node_modules/typescript": {
      "version": "4.7.4",
      "resolved": "https://registry.npmjs.org/typescript/-/typescript-4.7.4.tgz",
      "integrity": "sha512-C0WQT0gezHuw6AdY1M2jxUO83Rjf0HP7Sk1DtXj6j1EwkQNZrHAg2XPWlq62oqEhYvONq5pkC2Y9oPljWToLmQ==",
      "dev": true,
      "bin": {
        "tsc": "bin/tsc",
        "tsserver": "bin/tsserver"
      },
      "engines": {
        "node": ">=4.2.0"
      }
    }
  },
  "dependencies": {
    "bare-server-bun": {
      "version": "git+ssh://git@github.com/cohenerickson/bare-server-bun.git#9dbc226bc1137e03874aa017e294cce4ed7f2561",
      "from": "bare-server-bun@github:cohenerickson/bare-server-bun"
    },
    "bun-types": {
      "version": "0.1.5",
      "resolved": "https://registry.npmjs.org/bun-types/-/bun-types-0.1.5.tgz",
      "integrity": "sha512-DbOY0FFJ/MAuYEtYwuwT/CjW5d4ErUSRfqOvS6OOz8/K0TsPdOvrpn9ybLfTuVeGg44Hra+dx3TfnXcCIWn6XQ==",
      "dev": true
    },
    "typescript": {
      "version": "4.7.4",
      "resolved": "https://registry.npmjs.org/typescript/-/typescript-4.7.4.tgz",
      "integrity": "sha512-C0WQT0gezHuw6AdY1M2jxUO83Rjf0HP7Sk1DtXj6j1EwkQNZrHAg2XPWlq62oqEhYvONq5pkC2Y9oPljWToLmQ==",
      "dev": true
    }
  }
}
