{
  "name": "bare-server-bun",
  "lockfileVersion": 2,
  "requires": true,
  "packages": {
    "": {
      "name": "bare-server-bun",
      "devDependencies": {
        "bun-types": "^0.1.5"
      }
    },
    "node_modules/bun-types": {
      "version": "0.1.5",
      "resolved": "https://registry.npmjs.org/bun-types/-/bun-types-0.1.5.tgz",
      "integrity": "sha512-DbOY0FFJ/MAuYEtYwuwT/CjW5d4ErUSRfqOvS6OOz8/K0TsPdOvrpn9ybLfTuVeGg44Hra+dx3TfnXcCIWn6XQ==",
      "dev": true
    }
  },
  "dependencies": {
    "bun-types": {
      "version": "0.1.5",
      "resolved": "https://registry.npmjs.org/bun-types/-/bun-types-0.1.5.tgz",
      "integrity": "sha512-DbOY0FFJ/MAuYEtYwuwT/CjW5d4ErUSRfqOvS6OOz8/K0TsPdOvrpn9ybLfTuVeGg44Hra+dx3TfnXcCIWn6XQ==",
      "dev": true
    }
  }
}
